{
  "version": 4,
  "terraform_version": "1.8.3",
  "serial": 26,
  "lineage": "60640ef4-a2f5-32c3-b7d2-fd5a838767a6",
  "outputs": {},
  "resources": [
    {
      "mode": "managed",
      "type": "google_compute_address",
      "name": "static_ip",
      "provider": "provider[\"registry.terraform.io/hashicorp/google\"]",
      "instances": [
        {
          "schema_version": 0,
          "attributes": {
            "address": "35.238.130.212",
            "address_type": "EXTERNAL",
            "creation_timestamp": "2024-06-17T09:30:41.960-07:00",
            "description": "",
            "effective_labels": {},
            "id": "projects/f5-gcs-4261-sales-emea-se/regions/us-central1/addresses/jeremy-app-static-ip",
            "ip_version": "",
            "ipv6_endpoint_type": "",
            "label_fingerprint": "42WmSpB8rSM=",
            "labels": null,
            "name": "jeremy-app-static-ip",
            "network": "",
            "network_tier": "PREMIUM",
            "prefix_length": 0,
            "project": "f5-gcs-4261-sales-emea-se",
            "purpose": "",
            "region": "us-central1",
            "self_link": "https://www.googleapis.com/compute/v1/projects/f5-gcs-4261-sales-emea-se/regions/us-central1/addresses/jeremy-app-static-ip",
            "subnetwork": "",
            "terraform_labels": {},
            "timeouts": null,
            "users": []
          },
          "sensitive_attributes": [],
          "private": "eyJlMmJmYjczMC1lY2FhLTExZTYtOGY4OC0zNDM2M2JjN2M0YzAiOnsiY3JlYXRlIjoxMjAwMDAwMDAwMDAwLCJkZWxldGUiOjEyMDAwMDAwMDAwMDAsInVwZGF0ZSI6MTIwMDAwMDAwMDAwMH19"
        }
      ]
    },
    {
      "mode": "managed",
      "type": "google_compute_firewall",
      "name": "default",
      "provider": "provider[\"registry.terraform.io/hashicorp/google\"]",
      "instances": [
        {
          "schema_version": 1,
          "attributes": {
            "allow": [
              {
                "ports": [
                  "80",
                  "8000",
                  "22",
                  "8080"
                ],
                "protocol": "tcp"
              }
            ],
            "creation_timestamp": "2024-06-17T09:31:12.260-07:00",
            "deny": [],
            "description": "",
            "destination_ranges": [],
            "direction": "INGRESS",
            "disabled": false,
            "enable_logging": null,
            "id": "projects/f5-gcs-4261-sales-emea-se/global/firewalls/jeremy-app-allow-ports",
            "log_config": [],
            "name": "jeremy-app-allow-ports",
            "network": "https://www.googleapis.com/compute/v1/projects/f5-gcs-4261-sales-emea-se/global/networks/jeremy-app-vpc",
            "priority": 1000,
            "project": "f5-gcs-4261-sales-emea-se",
            "self_link": "https://www.googleapis.com/compute/v1/projects/f5-gcs-4261-sales-emea-se/global/firewalls/jeremy-app-allow-ports",
            "source_ranges": [
              "0.0.0.0/0"
            ],
            "source_service_accounts": null,
            "source_tags": null,
            "target_service_accounts": null,
            "target_tags": null,
            "timeouts": null
          },
          "sensitive_attributes": [],
          "private": "eyJlMmJmYjczMC1lY2FhLTExZTYtOGY4OC0zNDM2M2JjN2M0YzAiOnsiY3JlYXRlIjoxMjAwMDAwMDAwMDAwLCJkZWxldGUiOjEyMDAwMDAwMDAwMDAsInVwZGF0ZSI6MTIwMDAwMDAwMDAwMH0sInNjaGVtYV92ZXJzaW9uIjoiMSJ9",
          "dependencies": [
            "google_compute_network.vpc_network",
            "google_project_service.compute_service"
          ]
        }
      ]
    },
    {
      "mode": "managed",
      "type": "google_compute_instance",
      "name": "vm_instance",
      "provider": "provider[\"registry.terraform.io/hashicorp/google\"]",
      "instances": [
        {
          "schema_version": 6,
          "attributes": {
            "advanced_machine_features": [],
            "allow_stopping_for_update": null,
            "attached_disk": [],
            "boot_disk": [
              {
                "auto_delete": true,
                "device_name": "persistent-disk-0",
                "disk_encryption_key_raw": "",
                "disk_encryption_key_sha256": "",
                "initialize_params": [
                  {
                    "enable_confidential_compute": false,
                    "image": "https://www.googleapis.com/compute/v1/projects/ubuntu-os-cloud/global/images/ubuntu-2004-focal-v20240614",
                    "labels": {},
                    "provisioned_iops": 0,
                    "provisioned_throughput": 0,
                    "resource_manager_tags": null,
                    "size": 10,
                    "type": "pd-standard"
                  }
                ],
                "kms_key_self_link": "",
                "mode": "READ_WRITE",
                "source": "https://www.googleapis.com/compute/v1/projects/f5-gcs-4261-sales-emea-se/zones/us-central1-b/disks/jeremy-app-instance"
              }
            ],
            "can_ip_forward": false,
            "confidential_instance_config": [],
            "cpu_platform": "Intel Haswell",
            "current_status": "RUNNING",
            "deletion_protection": false,
            "description": "",
            "desired_status": null,
            "effective_labels": {},
            "enable_display": false,
            "guest_accelerator": [],
            "hostname": "",
            "id": "projects/f5-gcs-4261-sales-emea-se/zones/us-central1-b/instances/jeremy-app-instance",
            "instance_id": "3855774702305663493",
            "label_fingerprint": "42WmSpB8rSM=",
            "labels": null,
            "machine_type": "f1-micro",
            "metadata": {
              "ssh-keys": "j.agboola:ssh-rsa AAAAB3NzaC1yc2EAAAADAQABAAACAQDWDb6Tgpol1VhgFHVnzAHXhat23uGHucweYNlyQNfAMnM2y8QicUf1JNCyVWoiHXe/fJ56jXcO4If9qcUKCg49gFGmZwGuESmcdvtZRGLL4ADPoQsIQ9afBiDtdI5SqKuxUdhiJI07KnK5FbOw3XuoUW7QN6SvM/SO8AyudDxW0QKOht18zmnWoq/6MjVdJCQSXepcuOEkW3xN3PLjnWs4dXhpyok8yj7Gzt9evyW0fdEvpTAa/l/zpXSBKliQmdiuA0M9uprSbIe85S02DUeDRWHNVaG728KbcG9AQ4AGyf3dFf5pDkYW8e9572GefPEMdQ+d9aUHnYUT1ZyS73XOkKhABI1kVh0LjfDpEkLVjjoRWpBHcsf90AiONzSNxieLNlmiU4iTaKYMS43mTEm9JC5W/5Lemfgypn2/gFFEWQ3sp4zkBCIErB0hdjISNewdq7MY8vk27Tk8NhBzjRHaBLB7pgr1qL1huJwgON720I68bO9dcqf5cb9JB+Fnr8dnYIN3QBgCKEn8vkkq7Y06u+740XVdJorWoDm1bK1E3ALUujGv3X+1hJSsd8kSksrnIuj30WXkt6RjhLGvun3Rpc7k9G6rdO5xF1Z95qQhhYQ7bJnww1eqZ+w9dZnmAuIY8qkHHhqinnSNKM6rPOQ7MqbppewkrWF8+uxkjj5ulw== j.agboola@f5.com\n"
            },
            "metadata_fingerprint": "xefi0kLiR74=",
            "metadata_startup_script": null,
            "min_cpu_platform": "",
            "name": "jeremy-app-instance",
            "network_interface": [
              {
                "access_config": [
                  {
                    "nat_ip": "35.238.130.212",
                    "network_tier": "PREMIUM",
                    "public_ptr_domain_name": ""
                  }
                ],
                "alias_ip_range": [],
                "internal_ipv6_prefix_length": 0,
                "ipv6_access_config": [],
                "ipv6_access_type": "",
                "ipv6_address": "",
                "name": "nic0",
                "network": "https://www.googleapis.com/compute/v1/projects/f5-gcs-4261-sales-emea-se/global/networks/jeremy-app-vpc",
                "network_ip": "10.2.0.2",
                "nic_type": "",
                "queue_count": 0,
                "stack_type": "IPV4_ONLY",
                "subnetwork": "https://www.googleapis.com/compute/v1/projects/f5-gcs-4261-sales-emea-se/regions/us-central1/subnetworks/private-network",
                "subnetwork_project": "f5-gcs-4261-sales-emea-se"
              }
            ],
            "network_performance_config": [],
            "params": [],
            "project": "f5-gcs-4261-sales-emea-se",
            "reservation_affinity": [],
            "resource_policies": null,
            "scheduling": [
              {
                "automatic_restart": true,
                "instance_termination_action": "",
                "local_ssd_recovery_timeout": [],
                "min_node_cpus": 0,
                "node_affinities": [],
                "on_host_maintenance": "MIGRATE",
                "preemptible": false,
                "provisioning_model": "STANDARD"
              }
            ],
            "scratch_disk": [],
            "self_link": "https://www.googleapis.com/compute/v1/projects/f5-gcs-4261-sales-emea-se/zones/us-central1-b/instances/jeremy-app-instance",
            "service_account": [],
            "shielded_instance_config": [
              {
                "enable_integrity_monitoring": true,
                "enable_secure_boot": false,
                "enable_vtpm": true
              }
            ],
            "tags": [
              "jeremy-app-app"
            ],
            "tags_fingerprint": "e_iUvLQLsNA=",
            "terraform_labels": {},
            "timeouts": null,
            "zone": "us-central1-b"
          },
          "sensitive_attributes": [
            [
              {
                "type": "get_attr",
                "value": "boot_disk"
              },
              {
                "type": "index",
                "value": {
                  "value": 0,
                  "type": "number"
                }
              },
              {
                "type": "get_attr",
                "value": "disk_encryption_key_raw"
              }
            ]
          ],
          "private": "eyJlMmJmYjczMC1lY2FhLTExZTYtOGY4OC0zNDM2M2JjN2M0YzAiOnsiY3JlYXRlIjoxMjAwMDAwMDAwMDAwLCJkZWxldGUiOjEyMDAwMDAwMDAwMDAsInVwZGF0ZSI6MTIwMDAwMDAwMDAwMH0sInNjaGVtYV92ZXJzaW9uIjoiNiJ9",
          "dependencies": [
            "google_compute_address.static_ip",
            "google_compute_network.vpc_network",
            "google_compute_subnetwork.private_network",
            "google_project_service.compute_service"
          ]
        }
      ]
    },
    {
      "mode": "managed",
      "type": "google_compute_network",
      "name": "vpc_network",
      "provider": "provider[\"registry.terraform.io/hashicorp/google\"]",
      "instances": [
        {
          "schema_version": 0,
          "attributes": {
            "auto_create_subnetworks": false,
            "delete_default_routes_on_create": true,
            "description": "",
            "enable_ula_internal_ipv6": false,
            "gateway_ipv4": "",
            "id": "projects/f5-gcs-4261-sales-emea-se/global/networks/jeremy-app-vpc",
            "internal_ipv6_range": "",
            "mtu": 0,
            "name": "jeremy-app-vpc",
            "network_firewall_policy_enforcement_order": "AFTER_CLASSIC_FIREWALL",
            "numeric_id": "4502211917948770909",
            "project": "f5-gcs-4261-sales-emea-se",
            "routing_mode": "REGIONAL",
            "self_link": "https://www.googleapis.com/compute/v1/projects/f5-gcs-4261-sales-emea-se/global/networks/jeremy-app-vpc",
            "timeouts": null
          },
          "sensitive_attributes": [],
          "private": "eyJlMmJmYjczMC1lY2FhLTExZTYtOGY4OC0zNDM2M2JjN2M0YzAiOnsiY3JlYXRlIjoxMjAwMDAwMDAwMDAwLCJkZWxldGUiOjEyMDAwMDAwMDAwMDAsInVwZGF0ZSI6MTIwMDAwMDAwMDAwMH19",
          "dependencies": [
            "google_project_service.compute_service"
          ]
        }
      ]
    },
    {
      "mode": "managed",
      "type": "google_compute_route",
      "name": "private_network_internet_route",
      "provider": "provider[\"registry.terraform.io/hashicorp/google\"]",
      "instances": [
        {
          "schema_version": 0,
          "attributes": {
            "description": "",
            "dest_range": "0.0.0.0/0",
            "id": "projects/f5-gcs-4261-sales-emea-se/global/routes/jeremy-app-priv-net",
            "name": "jeremy-app-priv-net",
            "network": "https://www.googleapis.com/compute/v1/projects/f5-gcs-4261-sales-emea-se/global/networks/jeremy-app-vpc",
            "next_hop_gateway": "https://www.googleapis.com/compute/v1/projects/f5-gcs-4261-sales-emea-se/global/gateways/default-internet-gateway",
            "next_hop_ilb": "",
            "next_hop_instance": "",
            "next_hop_instance_zone": null,
            "next_hop_ip": "",
            "next_hop_network": "",
            "next_hop_vpn_tunnel": "",
            "priority": 100,
            "project": "f5-gcs-4261-sales-emea-se",
            "self_link": "https://www.googleapis.com/compute/v1/projects/f5-gcs-4261-sales-emea-se/global/routes/jeremy-app-priv-net",
            "tags": null,
            "timeouts": null
          },
          "sensitive_attributes": [],
          "private": "eyJlMmJmYjczMC1lY2FhLTExZTYtOGY4OC0zNDM2M2JjN2M0YzAiOnsiY3JlYXRlIjoxMjAwMDAwMDAwMDAwLCJkZWxldGUiOjEyMDAwMDAwMDAwMDB9fQ==",
          "dependencies": [
            "google_compute_network.vpc_network",
            "google_project_service.compute_service"
          ]
        }
      ]
    },
    {
      "mode": "managed",
      "type": "google_compute_router",
      "name": "router",
      "provider": "provider[\"registry.terraform.io/hashicorp/google\"]",
      "instances": [
        {
          "schema_version": 0,
          "attributes": {
            "bgp": [],
            "creation_timestamp": "2024-06-17T09:31:12.186-07:00",
            "description": "",
            "encrypted_interconnect_router": false,
            "id": "projects/f5-gcs-4261-sales-emea-se/regions/us-central1/routers/jeremy-app-router",
            "name": "jeremy-app-router",
            "network": "https://www.googleapis.com/compute/v1/projects/f5-gcs-4261-sales-emea-se/global/networks/jeremy-app-vpc",
            "project": "f5-gcs-4261-sales-emea-se",
            "region": "us-central1",
            "self_link": "https://www.googleapis.com/compute/v1/projects/f5-gcs-4261-sales-emea-se/regions/us-central1/routers/jeremy-app-router",
            "timeouts": null
          },
          "sensitive_attributes": [],
          "private": "eyJlMmJmYjczMC1lY2FhLTExZTYtOGY4OC0zNDM2M2JjN2M0YzAiOnsiY3JlYXRlIjoxMjAwMDAwMDAwMDAwLCJkZWxldGUiOjEyMDAwMDAwMDAwMDAsInVwZGF0ZSI6MTIwMDAwMDAwMDAwMH19",
          "dependencies": [
            "google_compute_network.vpc_network",
            "google_project_service.compute_service"
          ]
        }
      ]
    },
    {
      "mode": "managed",
      "type": "google_compute_router_nat",
      "name": "nat",
      "provider": "provider[\"registry.terraform.io/hashicorp/google\"]",
      "instances": [
        {
          "schema_version": 0,
          "attributes": {
            "auto_network_tier": "PREMIUM",
            "drain_nat_ips": null,
            "enable_dynamic_port_allocation": false,
            "enable_endpoint_independent_mapping": false,
            "endpoint_types": [
              "ENDPOINT_TYPE_VM"
            ],
            "icmp_idle_timeout_sec": 30,
            "id": "f5-gcs-4261-sales-emea-se/us-central1/jeremy-app-router/jeremy-app-nat-route",
            "log_config": [],
            "max_ports_per_vm": 0,
            "min_ports_per_vm": 0,
            "name": "jeremy-app-nat-route",
            "nat_ip_allocate_option": "AUTO_ONLY",
            "nat_ips": null,
            "project": "f5-gcs-4261-sales-emea-se",
            "region": "us-central1",
            "router": "jeremy-app-router",
            "rules": [],
            "source_subnetwork_ip_ranges_to_nat": "ALL_SUBNETWORKS_ALL_IP_RANGES",
            "subnetwork": [],
            "tcp_established_idle_timeout_sec": 1200,
            "tcp_time_wait_timeout_sec": 120,
            "tcp_transitory_idle_timeout_sec": 30,
            "timeouts": null,
            "udp_idle_timeout_sec": 30
          },
          "sensitive_attributes": [],
          "private": "eyJlMmJmYjczMC1lY2FhLTExZTYtOGY4OC0zNDM2M2JjN2M0YzAiOnsiY3JlYXRlIjoxMjAwMDAwMDAwMDAwLCJkZWxldGUiOjEyMDAwMDAwMDAwMDAsInVwZGF0ZSI6MTIwMDAwMDAwMDAwMH19",
          "dependencies": [
            "google_compute_network.vpc_network",
            "google_compute_router.router",
            "google_project_service.compute_service"
          ]
        }
      ]
    },
    {
      "mode": "managed",
      "type": "google_compute_subnetwork",
      "name": "private_network",
      "provider": "provider[\"registry.terraform.io/hashicorp/google\"]",
      "instances": [
        {
          "schema_version": 0,
          "attributes": {
            "creation_timestamp": "2024-06-17T09:31:12.513-07:00",
            "description": "",
            "external_ipv6_prefix": "",
            "fingerprint": null,
            "gateway_address": "10.2.0.1",
            "id": "projects/f5-gcs-4261-sales-emea-se/regions/us-central1/subnetworks/private-network",
            "internal_ipv6_prefix": "",
            "ip_cidr_range": "10.2.0.0/16",
            "ipv6_access_type": "",
            "ipv6_cidr_range": "",
            "log_config": [],
            "name": "private-network",
            "network": "https://www.googleapis.com/compute/v1/projects/f5-gcs-4261-sales-emea-se/global/networks/jeremy-app-vpc",
            "private_ip_google_access": false,
            "private_ipv6_google_access": "DISABLE_GOOGLE_ACCESS",
            "project": "f5-gcs-4261-sales-emea-se",
            "purpose": "PRIVATE",
            "region": "us-central1",
            "role": "",
            "secondary_ip_range": [],
            "self_link": "https://www.googleapis.com/compute/v1/projects/f5-gcs-4261-sales-emea-se/regions/us-central1/subnetworks/private-network",
            "stack_type": "IPV4_ONLY",
            "timeouts": null
          },
          "sensitive_attributes": [],
          "private": "eyJlMmJmYjczMC1lY2FhLTExZTYtOGY4OC0zNDM2M2JjN2M0YzAiOnsiY3JlYXRlIjoxMjAwMDAwMDAwMDAwLCJkZWxldGUiOjEyMDAwMDAwMDAwMDAsInVwZGF0ZSI6MTIwMDAwMDAwMDAwMH19",
          "dependencies": [
            "google_compute_network.vpc_network",
            "google_project_service.compute_service"
          ]
        }
      ]
    },
    {
      "mode": "managed",
      "type": "google_project_service",
      "name": "compute_service",
      "provider": "provider[\"registry.terraform.io/hashicorp/google\"]",
      "instances": [
        {
          "schema_version": 0,
          "attributes": {
            "disable_dependent_services": true,
            "disable_on_destroy": true,
            "id": "f5-gcs-4261-sales-emea-se/compute.googleapis.com",
            "project": "f5-gcs-4261-sales-emea-se",
            "service": "compute.googleapis.com",
            "timeouts": null
          },
          "sensitive_attributes": [],
          "private": "eyJlMmJmYjczMC1lY2FhLTExZTYtOGY4OC0zNDM2M2JjN2M0YzAiOnsiY3JlYXRlIjoxMjAwMDAwMDAwMDAwLCJkZWxldGUiOjEyMDAwMDAwMDAwMDAsInJlYWQiOjYwMDAwMDAwMDAwMCwidXBkYXRlIjoxMjAwMDAwMDAwMDAwfX0="
        }
      ]
    }
  ],
  "check_results": null
}
